dependencies:
- name: sf-tenant-management
  repository: oci://ghcr.io/innovatrics/sf-helm
  version: 0.4.4
- name: rabbitmq
  repository: oci://registry-1.docker.io/bitnamicharts
  version: 12.0.4
- name: seaweedfs
  repository: https://seaweedfs.github.io/seaweedfs/helm
  version: 4.16.0
- name: postgresql
  repository: oci://registry-1.docker.io/bitnamicharts
  version: 13.2.1
digest: sha256:2317ece1b998ce1586311dee87a6bdc63cf9789fa6aad8e53bd2f104190a69e3
generated: "2026-07-02T06:39:42.2013371+02:00"
