dependencies:
- name: sf-tenant-management
  repository: oci://ghcr.io/innovatrics/sf-helm
  version: 0.4.1
- name: rabbitmq
  repository: oci://registry-1.docker.io/bitnamicharts
  version: 12.0.4
- name: minio
  repository: oci://registry-1.docker.io/bitnamicharts
  version: 12.8.15
- name: postgresql
  repository: oci://registry-1.docker.io/bitnamicharts
  version: 13.2.1
digest: sha256:67a29328b5a2821cb6a191c0766c052679a2f12de059eb52d48b556800e5075b
generated: "2024-04-16T17:10:51.193871+02:00"
