dependencies:
- name: sf-tenant-operator
  repository: oci://ghcr.io/innovatrics/sf-helm
  version: 0.2.0
- name: rabbitmq
  repository: oci://registry-1.docker.io/bitnamicharts
  version: 12.0.4
- name: minio
  repository: oci://registry-1.docker.io/bitnamicharts
  version: 12.8.15
digest: sha256:377f0abfb50bbc8665ab4176a9a24747d5bedc8604f4a867ab82006e8e3d2805
generated: "2023-11-02T13:06:27.794117+01:00"
